// !$*UTF8*$!
{
	archiveVersion = 1;
	classes = {
	};
	objectVersion = 50;
	objects = {

/* Begin PBXBuildFile section */
		D067149324670CB400FCBC95 /* AppDelegate.swift in Sources */ = {isa = PBXBuildFile; fileRef = D067149224670CB400FCBC95 /* AppDelegate.swift */; };
		D067149524670CB400FCBC95 /* SceneDelegate.swift in Sources */ = {isa = PBXBuildFile; fileRef = D067149424670CB400FCBC95 /* SceneDelegate.swift */; };
		D067149724670CB400FCBC95 /* HomeViewController.swift in Sources */ = {isa = PBXBuildFile; fileRef = D067149624670CB400FCBC95 /* HomeViewController.swift */; };
		D067149C24670CB500FCBC95 /* Assets.xcassets in Resources */ = {isa = PBXBuildFile; fileRef = D067149B24670CB500FCBC95 /* Assets.xcassets */; };
		D067149F24670CB500FCBC95 /* LaunchScreen.storyboard in Resources */ = {isa = PBXBuildFile; fileRef = D067149D24670CB500FCBC95 /* LaunchScreen.storyboard */; };
		D06714AA2467101C00FCBC95 /* PlaylistsViewController.swift in Sources */ = {isa = PBXBuildFile; fileRef = D06714A92467101C00FCBC95 /* PlaylistsViewController.swift */; };
		D06714AC2467157B00FCBC95 /* AlbumsViewController.swift in Sources */ = {isa = PBXBuildFile; fileRef = D06714AB2467157B00FCBC95 /* AlbumsViewController.swift */; };
		D0EB276724671F1C002FAC74 /* ArtistsViewController.swift in Sources */ = {isa = PBXBuildFile; fileRef = D0EB276624671F1C002FAC74 /* ArtistsViewController.swift */; };
/* End PBXBuildFile section */

/* Begin PBXFileReference section */
		D067148F24670CB400FCBC95 /* MusicUI.app */ = {isa = PBXFileReference; explicitFileType = wrapper.application; includeInIndex = 0; path = MusicUI.app; sourceTree = BUILT_PRODUCTS_DIR; };
		D067149224670CB400FCBC95 /* AppDelegate.swift */ = {isa = PBXFileReference; lastKnownFileType = sourcecode.swift; path = AppDelegate.swift; sourceTree = "<group>"; };
		D067149424670CB400FCBC95 /* SceneDelegate.swift */ = {isa = PBXFileReference; lastKnownFileType = sourcecode.swift; path = SceneDelegate.swift; sourceTree = "<group>"; };
		D067149624670CB400FCBC95 /* HomeViewController.swift */ = {isa = PBXFileReference; lastKnownFileType = sourcecode.swift; path = HomeViewController.swift; sourceTree = "<group>"; };
		D067149B24670CB500FCBC95 /* Assets.xcassets */ = {isa = PBXFileReference; lastKnownFileType = folder.assetcatalog; path = Assets.xcassets; sourceTree = "<group>"; };
		D067149E24670CB500FCBC95 /* Base */ = {isa = PBXFileReference; lastKnownFileType = file.storyboard; name = Base; path = Base.lproj/LaunchScreen.storyboard; sourceTree = "<group>"; };
		D06714A024670CB500FCBC95 /* Info.plist */ = {isa = PBXFileReference; lastKnownFileType = text.plist.xml; path = Info.plist; sourceTree = "<group>"; };
		D06714A92467101C00FCBC95 /* PlaylistsViewController.swift */ = {isa = PBXFileReference; lastKnownFileType = sourcecode.swift; path = PlaylistsViewController.swift; sourceTree = "<group>"; };
		D06714AB2467157B00FCBC95 /* AlbumsViewController.swift */ = {isa = PBXFileReference; lastKnownFileType = sourcecode.swift; path = AlbumsViewController.swift; sourceTree = "<group>"; };
		D0EB276624671F1C002FAC74 /* ArtistsViewController.swift */ = {isa = PBXFileReference; fileEncoding = 4; lastKnownFileType = sourcecode.swift; path = ArtistsViewController.swift; sourceTree = "<group>"; };
/* End PBXFileReference section */

/* Begin PBXFrameworksBuildPhase section */
		D067148C24670CB400FCBC95 /* Frameworks */ = {
			isa = PBXFrameworksBuildPhase;
			buildActionMask = 2147483647;
			files = (
			);
			runOnlyForDeploymentPostprocessing = 0;
		};
/* End PBXFrameworksBuildPhase section */

/* Begin PBXGroup section */
		D067148624670CB400FCBC95 = {
			isa = PBXGroup;
			children = (
				D067149124670CB400FCBC95 /* MusicUI */,
				D067149024670CB400FCBC95 /* Products */,
			);
			sourceTree = "<group>";
		};
		D067149024670CB400FCBC95 /* Products */ = {
			isa = PBXGroup;
			children = (
				D067148F24670CB400FCBC95 /* MusicUI.app */,
			);
			name = Products;
			sourceTree = "<group>";
		};
		D067149124670CB400FCBC95 /* MusicUI */ = {
			isa = PBXGroup;
			children = (
				D06714A824670D8D00FCBC95 /* Model */,
				D06714A724670D8600FCBC95 /* View */,
				D06714A624670D8000FCBC95 /* Controller */,
				D067149224670CB400FCBC95 /* AppDelegate.swift */,
				D067149424670CB400FCBC95 /* SceneDelegate.swift */,
				D067149B24670CB500FCBC95 /* Assets.xcassets */,
				D067149D24670CB500FCBC95 /* LaunchScreen.storyboard */,
				D06714A024670CB500FCBC95 /* Info.plist */,
			);
			path = MusicUI;
			sourceTree = "<group>";
		};
		D06714A624670D8000FCBC95 /* Controller */ = {
			isa = PBXGroup;
			children = (
				D067149624670CB400FCBC95 /* HomeViewController.swift */,
				D06714A92467101C00FCBC95 /* PlaylistsViewController.swift */,
				D0EB276624671F1C002FAC74 /* ArtistsViewController.swift */,
				D06714AB2467157B00FCBC95 /* AlbumsViewController.swift */,
			);
			path = Controller;
			sourceTree = "<group>";
		};
		D06714A724670D8600FCBC95 /* View */ = {
			isa = PBXGroup;
			children = (
			);
			path = View;
			sourceTree = "<group>";
		};
		D06714A824670D8D00FCBC95 /* Model */ = {
			isa = PBXGroup;
			children = (
			);
			name = Model;
			sourceTree = "<group>";
		};
/* End PBXGroup section */

/* Begin PBXNativeTarget section */
		D067148E24670CB400FCBC95 /* MusicUI */ = {
			isa = PBXNativeTarget;
			buildConfigurationList = D06714A324670CB500FCBC95 /* Build configuration list for PBXNativeTarget "MusicUI" */;
			buildPhases = (
				D067148B24670CB400FCBC95 /* Sources */,
				D067148C24670CB400FCBC95 /* Frameworks */,
				D067148D24670CB400FCBC95 /* Resources */,
			);
			buildRules = (
			);
			dependencies = (
			);
			name = MusicUI;
			productName = MusicUI;
			productReference = D067148F24670CB400FCBC95 /* MusicUI.app */;
			productType = "com.apple.product-type.application";
		};
/* End PBXNativeTarget section */

/* Begin PBXProject section */
		D067148724670CB400FCBC95 /* Project object */ = {
			isa = PBXProject;
			attributes = {
				LastSwiftUpdateCheck = 1130;
				LastUpgradeCheck = 1130;
				ORGANIZATIONNAME = beast.ios.dev;
				TargetAttributes = {
					D067148E24670CB400FCBC95 = {
						CreatedOnToolsVersion = 11.3.1;
					};
				};
			};
			buildConfigurationList = D067148A24670CB400FCBC95 /* Build configuration list for PBXProject "MusicUI" */;
			compatibilityVersion = "Xcode 9.3";
			developmentRegion = en;
			hasScannedForEncodings = 0;
			knownRegions = (
				en,
				Base,
			);
			mainGroup = D067148624670CB400FCBC95;
			productRefGroup = D067149024670CB400FCBC95 /* Products */;
			projectDirPath = "";
			projectRoot = "";
			targets = (
				D067148E24670CB400FCBC95 /* MusicUI */,
			);
		};
/* End PBXProject section */

/* Begin PBXResourcesBuildPhase section */
		D067148D24670CB400FCBC95 /* Resources */ = {
			isa = PBXResourcesBuildPhase;
			buildActionMask = 2147483647;
			files = (
				D067149F24670CB500FCBC95 /* LaunchScreen.storyboard in Resources */,
				D067149C24670CB500FCBC95 /* Assets.xcassets in Resources */,
			);
			runOnlyForDeploymentPostprocessing = 0;
		};
/* End PBXResourcesBuildPhase section */

/* Begin PBXSourcesBuildPhase section */
		D067148B24670CB400FCBC95 /* Sources */ = {
			isa = PBXSourcesBuildPhase;
			buildActionMask = 2147483647;
			files = (
				D06714AA2467101C00FCBC95 /* PlaylistsViewController.swift in Sources */,
				D067149724670CB400FCBC95 /* HomeViewController.swift in Sources */,
				D067149324670CB400FCBC95 /* AppDelegate.swift in Sources */,
				D0EB276724671F1C002FAC74 /* ArtistsViewController.swift in Sources */,
				D067149524670CB400FCBC95 /* SceneDelegate.swift in Sources */,
				D06714AC2467157B00FCBC95 /* AlbumsViewController.swift in Sources */,
			);
			runOnlyForDeploymentPostprocessing = 0;
		};
/* End PBXSourcesBuildPhase section */

/* Begin PBXVariantGroup section */
		D067149D24670CB500FCBC95 /* LaunchScreen.storyboard */ = {
			isa = PBXVariantGroup;
			children = (
				D067149E24670CB500FCBC95 /* Base */,
			);
			name = LaunchScreen.storyboard;
			sourceTree = "<group>";
		};
/* End PBXVariantGroup section */

/* Begin XCBuildConfiguration section */
		D06714A124670CB500FCBC95 /* Debug */ = {
			isa = XCBuildConfiguration;
			buildSettings = {
				ALWAYS_SEARCH_USER_PATHS = NO;
				CLANG_ANALYZER_NONNULL = YES;
				CLANG_ANALYZER_NUMBER_OBJECT_CONVERSION = YES_AGGRESSIVE;
				CLANG_CXX_LANGUAGE_STANDARD = "gnu++14";
				CLANG_CXX_LIBRARY = "libc++";
				CLANG_ENABLE_MODULES = YES;
				CLANG_ENABLE_OBJC_ARC = YES;
				CLANG_ENABLE_OBJC_WEAK = YES;
				CLANG_WARN_BLOCK_CAPTURE_AUTORELEASING = YES;
				CLANG_WARN_BOOL_CONVERSION = YES;
				CLANG_WARN_COMMA = YES;
				CLANG_WARN_CONSTANT_CONVERSION = YES;
				CLANG_WARN_DEPRECATED_OBJC_IMPLEMENTATIONS = YES;
				CLANG_WARN_DIRECT_OBJC_ISA_USAGE = YES_ERROR;
				CLANG_WARN_DOCUMENTATION_COMMENTS = YES;
				CLANG_WARN_EMPTY_BODY = YES;
				CLANG_WARN_ENUM_CONVERSION = YES;
				CLANG_WARN_INFINITE_RECURSION = YES;
				CLANG_WARN_INT_CONVERSION = YES;
				CLANG_WARN_NON_LITERAL_NULL_CONVERSION = YES;
				CLANG_WARN_OBJC_IMPLICIT_RETAIN_SELF = YES;
				CLANG_WARN_OBJC_LITERAL_CONVERSION = YES;
				CLANG_WARN_OBJC_ROOT_CLASS = YES_ERROR;
				CLANG_WARN_RANGE_LOOP_ANALYSIS = YES;
				CLANG_WARN_STRICT_PROTOTYPES = YES;
				CLANG_WARN_SUSPICIOUS_MOVE = YES;
				CLANG_WARN_UNGUARDED_AVAILABILITY = YES_AGGRESSIVE;
				CLANG_WARN_UNREACHABLE_CODE = YES;
				CLANG_WARN__DUPLICATE_METHOD_MATCH = YES;
				COPY_PHASE_STRIP = NO;
				DEBUG_INFORMATION_FORMAT = dwarf;
				ENABLE_STRICT_OBJC_MSGSEND = YES;
				ENABLE_TESTABILITY = YES;
				GCC_C_LANGUAGE_STANDARD = gnu11;
				GCC_DYNAMIC_NO_PIC = NO;
				GCC_NO_COMMON_BLOCKS = YES;
				GCC_OPTIMIZATION_LEVEL = 0;
				GCC_PREPROCESSOR_DEFINITIONS = (
					"DEBUG=1",
					"$(inherited)",
				);
				GCC_WARN_64_TO_32_BIT_CONVERSION = YES;
				GCC_WARN_ABOUT_RETURN_TYPE = YES_ERROR;
				GCC_WARN_UNDECLARED_SELECTOR = YES;
				GCC_WARN_UNINITIALIZED_AUTOS = YES_AGGRESSIVE;
				GCC_WARN_UNUSED_FUNCTION = YES;
				GCC_WARN_UNUSED_VARIABLE = YES;
				IPHONEOS_DEPLOYMENT_TARGET = 13.2;
				MTL_ENABLE_DEBUG_INFO = INCLUDE_SOURCE;
				MTL_FAST_MATH = YES;
				ONLY_ACTIVE_ARCH = YES;
				SDKROOT = iphoneos;
				SWIFT_ACTIVE_COMPILATION_CONDITIONS = DEBUG;
				SWIFT_OPTIMIZATION_LEVEL = "-Onone";
			};
			name = Debug;
		};
		D06714A224670CB500FCBC95 /* Release */ = {
			isa = XCBuildConfiguration;
			buildSettings = {
				ALWAYS_SEARCH_USER_PATHS = NO;
				CLANG_ANALYZER_NONNULL = YES;
				CLANG_ANALYZER_NUMBER_OBJECT_CONVERSION = YES_AGGRESSIVE;
				CLANG_CXX_LANGUAGE_STANDARD = "gnu++14";
				CLANG_CXX_LIBRARY = "libc++";
				CLANG_ENABLE_MODULES = YES;
				CLANG_ENABLE_OBJC_ARC = YES;
				CLANG_ENABLE_OBJC_WEAK = YES;
				CLANG_WARN_BLOCK_CAPTURE_AUTORELEASING = YES;
				CLANG_WARN_BOOL_CONVERSION = YES;
				CLANG_WARN_COMMA = YES;
				CLANG_WARN_CONSTANT_CONVERSION = YES;
				CLANG_WARN_DEPRECATED_OBJC_IMPLEMENTATIONS = YES;
				CLANG_WARN_DIRECT_OBJC_ISA_USAGE = YES_ERROR;
				CLANG_WARN_DOCUMENTATION_COMMENTS = YES;
				CLANG_WARN_EMPTY_BODY = YES;
				CLANG_WARN_ENUM_CONVERSION = YES;
				CLANG_WARN_INFINITE_RECURSION = YES;
				CLANG_WARN_INT_CONVERSION = YES;
				CLANG_WARN_NON_LITERAL_NULL_CONVERSION = YES;
				CLANG_WARN_OBJC_IMPLICIT_RETAIN_SELF = YES;
				CLANG_WARN_OBJC_LITERAL_CONVERSION = YES;
				CLANG_WARN_OBJC_ROOT_CLASS = YES_ERROR;
				CLANG_WARN_RANGE_LOOP_ANALYSIS = YES;
				CLANG_WARN_STRICT_PROTOTYPES = YES;
				CLANG_WARN_SUSPICIOUS_MOVE = YES;
				CLANG_WARN_UNGUARDED_AVAILABILITY = YES_AGGRESSIVE;
				CLANG_WARN_UNREACHABLE_CODE = YES;
				CLANG_WARN__DUPLICATE_METHOD_MATCH = YES;
				COPY_PHASE_STRIP = NO;
				DEBUG_INFORMATION_FORMAT = "dwarf-with-dsym";
				ENABLE_NS_ASSERTIONS = NO;
				ENABLE_STRICT_OBJC_MSGSEND = YES;
				GCC_C_LANGUAGE_STANDARD = gnu11;
				GCC_NO_COMMON_BLOCKS = YES;
				GCC_WARN_64_TO_32_BIT_CONVERSION = YES;
				GCC_WARN_ABOUT_RETURN_TYPE = YES_ERROR;
				GCC_WARN_UNDECLARED_SELECTOR = YES;
				GCC_WARN_UNINITIALIZED_AUTOS = YES_AGGRESSIVE;
				GCC_WARN_UNUSED_FUNCTION = YES;
				GCC_WARN_UNUSED_VARIABLE = YES;
				IPHONEOS_DEPLOYMENT_TARGET = 13.2;
				MTL_ENABLE_DEBUG_INFO = NO;
				MTL_FAST_MATH = YES;
				SDKROOT = iphoneos;
				SWIFT_COMPILATION_MODE = wholemodule;
				SWIFT_OPTIMIZATION_LEVEL = "-O";
				VALIDATE_PRODUCT = YES;
			};
			name = Release;
		};
		D06714A424670CB500FCBC95 /* Debug */ = {
			isa = XCBuildConfiguration;
			buildSettings = {
				ASSETCATALOG_COMPILER_APPICON_NAME = AppIcon;
				CODE_SIGN_STYLE = Automatic;
				INFOPLIST_FILE = MusicUI/Info.plist;
				LD_RUNPATH_SEARCH_PATHS = (
					"$(inherited)",
					"@executable_path/Frameworks",
				);
				PRODUCT_BUNDLE_IDENTIFIER = beast.ios.dev.MusicUI;
				PRODUCT_NAME = "$(TARGET_NAME)";
				SWIFT_VERSION = 5.0;
				TARGETED_DEVICE_FAMILY = "1,2";
			};
			name = Debug;
		};
		D06714A524670CB500FCBC95 /* Release */ = {
			isa = XCBuildConfiguration;
			buildSettings = {
				ASSETCATALOG_COMPILER_APPICON_NAME = AppIcon;
				CODE_SIGN_STYLE = Automatic;
				INFOPLIST_FILE = MusicUI/Info.plist;
				LD_RUNPATH_SEARCH_PATHS = (
					"$(inherited)",
					"@executable_path/Frameworks",
				);
				PRODUCT_BUNDLE_IDENTIFIER = beast.ios.dev.MusicUI;
				PRODUCT_NAME = "$(TARGET_NAME)";
				SWIFT_VERSION = 5.0;
				TARGETED_DEVICE_FAMILY = "1,2";
			};
			name = Release;
		};
/* End XCBuildConfiguration section */

/* Begin XCConfigurationList section */
		D067148A24670CB400FCBC95 /* Build configuration list for PBXProject "MusicUI" */ = {
			isa = XCConfigurationList;
			buildConfigurations = (
				D06714A124670CB500FCBC95 /* Debug */,
				D06714A224670CB500FCBC95 /* Release */,
			);
			defaultConfigurationIsVisible = 0;
			defaultConfigurationName = Release;
		};
		D06714A324670CB500FCBC95 /* Build configuration list for PBXNativeTarget "MusicUI" */ = {
			isa = XCConfigurationList;
			buildConfigurations = (
				D06714A424670CB500FCBC95 /* Debug */,
				D06714A524670CB500FCBC95 /* Release */,
			);
			defaultConfigurationIsVisible = 0;
			defaultConfigurationName = Release;
		};
/* End XCConfigurationList section */
	};
	rootObject = D067148724670CB400FCBC95 /* Project object */;
}
